// !$*UTF8*$!
{
	archiveVersion = 1;
	classes = {
	};
	objectVersion = 50;
	objects = {

/* Begin PBXBuildFile section */
		7309C996219FE4CD00EA3D91 /* GoogleService-Info.plist in Resources */ = {isa = PBXBuildFile; fileRef = 7309C995219FE4CC00EA3D91 /* GoogleService-Info.plist */; };
		730B192221A2897A00505422 /* tabController.swift in Sources */ = {isa = PBXBuildFile; fileRef = 730B192121A2897A00505422 /* tabController.swift */; };
		730EE2A221A7528A0077C414 /* diaryViewController.swift in Sources */ = {isa = PBXBuildFile; fileRef = 730EE2A121A7528A0077C414 /* diaryViewController.swift */; };
		730EE2A421A754C60077C414 /* diaryEntryCell.swift in Sources */ = {isa = PBXBuildFile; fileRef = 730EE2A321A754C60077C414 /* diaryEntryCell.swift */; };
		730EE2A821A8BC550077C414 /* diaryEntry.swift in Sources */ = {isa = PBXBuildFile; fileRef = 730EE2A721A8BC550077C414 /* diaryEntry.swift */; };
		7354408C2198D18A00F43ADA /* SavedEntryThankYouViewController.swift in Sources */ = {isa = PBXBuildFile; fileRef = 7354408B2198D18A00F43ADA /* SavedEntryThankYouViewController.swift */; };
		735741C921996CD0000773A8 /* LogInViewController.swift in Sources */ = {isa = PBXBuildFile; fileRef = 735741C821996CD0000773A8 /* LogInViewController.swift */; };
		735741CB219A1ACA000773A8 /* SignUpViewController.swift in Sources */ = {isa = PBXBuildFile; fileRef = 735741CA219A1ACA000773A8 /* SignUpViewController.swift */; };
		7363338821A2067000F8AD4E /* User.swift in Sources */ = {isa = PBXBuildFile; fileRef = 7363338721A2067000F8AD4E /* User.swift */; };
		738418D82193E120005DDA59 /* AskForTodayMoodCViewController.swift in Sources */ = {isa = PBXBuildFile; fileRef = 738418D72193E120005DDA59 /* AskForTodayMoodCViewController.swift */; };
		738418DA2193E1A2005DDA59 /* addDiaryEntryViewController.swift in Sources */ = {isa = PBXBuildFile; fileRef = 738418D92193E1A2005DDA59 /* addDiaryEntryViewController.swift */; };
		738418DE2193E353005DDA59 /* StatsViewController.swift in Sources */ = {isa = PBXBuildFile; fileRef = 738418DD2193E353005DDA59 /* StatsViewController.swift */; };
		738B74BE218E260E007DE734 /* AppDelegate.swift in Sources */ = {isa = PBXBuildFile; fileRef = 738B74BD218E260E007DE734 /* AppDelegate.swift */; };
		738B74C3218E260E007DE734 /* Main.storyboard in Resources */ = {isa = PBXBuildFile; fileRef = 738B74C1218E260E007DE734 /* Main.storyboard */; };
		738B74C5218E2612007DE734 /* Assets.xcassets in Resources */ = {isa = PBXBuildFile; fileRef = 738B74C4218E2612007DE734 /* Assets.xcassets */; };
		738B74C8218E2612007DE734 /* LaunchScreen.storyboard in Resources */ = {isa = PBXBuildFile; fileRef = 738B74C6218E2612007DE734 /* LaunchScreen.storyboard */; };
		738E21D8219E163500B48414 /* iOSGif.swift in Sources */ = {isa = PBXBuildFile; fileRef = 738E21D7219E163500B48414 /* iOSGif.swift */; };
		738E21DB219E1A0500B48414 /* thank you.gif in Resources */ = {isa = PBXBuildFile; fileRef = 738E21DA219E1A0500B48414 /* thank you.gif */; };
		73AD404321AF9B2E00A7A74B /* CustomSlider.swift in Sources */ = {isa = PBXBuildFile; fileRef = 73AD404221AF9B2D00A7A74B /* CustomSlider.swift */; };
		73AD404621B026CD00A7A74B /* editEntryViewController.swift in Sources */ = {isa = PBXBuildFile; fileRef = 73AD404521B026CD00A7A74B /* editEntryViewController.swift */; };
		73BE6DE421AC5EF1005C1F98 /* viewEntryViewController.swift in Sources */ = {isa = PBXBuildFile; fileRef = 73BE6DE321AC5EF1005C1F98 /* viewEntryViewController.swift */; };
		73DF0657219D1A39003BA595 /* Charts.framework in Frameworks */ = {isa = PBXBuildFile; fileRef = 73DF0654219D1A2D003BA595 /* Charts.framework */; };
		73DF0658219D1A39003BA595 /* Charts.framework in Embed Frameworks */ = {isa = PBXBuildFile; fileRef = 73DF0654219D1A2D003BA595 /* Charts.framework */; settings = {ATTRIBUTES = (CodeSignOnCopy, RemoveHeadersOnCopy, ); }; };
		A019B08A4C3E2AC047000F6B /* Pods_MoodCycle.framework in Frameworks */ = {isa = PBXBuildFile; fileRef = 56D31EAF25CB74620FFEA9BA /* Pods_MoodCycle.framework */; };
/* End PBXBuildFile section */

/* Begin PBXContainerItemProxy section */
		73DF0653219D1A2D003BA595 /* PBXContainerItemProxy */ = {
			isa = PBXContainerItemProxy;
			containerPortal = 73DF064E219D1A2D003BA595 /* Charts.xcodeproj */;
			proxyType = 2;
			remoteGlobalIDString = 65AD9E95D9ED4DC0BD73A743;
			remoteInfo = Charts;
		};
		73DF0655219D1A2D003BA595 /* PBXContainerItemProxy */ = {
			isa = PBXContainerItemProxy;
			containerPortal = 73DF064E219D1A2D003BA595 /* Charts.xcodeproj */;
			proxyType = 2;
			remoteGlobalIDString = 1CBBC58C6CE1EBEE9852CE41;
			remoteInfo = ChartsTests;
		};
		73DF0659219D1A39003BA595 /* PBXContainerItemProxy */ = {
			isa = PBXContainerItemProxy;
			containerPortal = 73DF064E219D1A2D003BA595 /* Charts.xcodeproj */;
			proxyType = 1;
			remoteGlobalIDString = A58A4ED274A941CA248EA921;
			remoteInfo = Charts;
		};
/* End PBXContainerItemProxy section */

/* Begin PBXCopyFilesBuildPhase section */
		73DF065B219D1A3A003BA595 /* Embed Frameworks */ = {
			isa = PBXCopyFilesBuildPhase;
			buildActionMask = 2147483647;
			dstPath = "";
			dstSubfolderSpec = 10;
			files = (
				73DF0658219D1A39003BA595 /* Charts.framework in Embed Frameworks */,
			);
			name = "Embed Frameworks";
			runOnlyForDeploymentPostprocessing = 0;
		};
/* End PBXCopyFilesBuildPhase section */

/* Begin PBXFileReference section */
		56D31EAF25CB74620FFEA9BA /* Pods_MoodCycle.framework */ = {isa = PBXFileReference; explicitFileType = wrapper.framework; includeInIndex = 0; path = Pods_MoodCycle.framework; sourceTree = BUILT_PRODUCTS_DIR; };
		5A9D7968E034442204EB16EB /* Pods-MoodCycle.debug.xcconfig */ = {isa = PBXFileReference; includeInIndex = 1; lastKnownFileType = text.xcconfig; name = "Pods-MoodCycle.debug.xcconfig"; path = "Pods/Target Support Files/Pods-MoodCycle/Pods-MoodCycle.debug.xcconfig"; sourceTree = "<group>"; };
		7309C995219FE4CC00EA3D91 /* GoogleService-Info.plist */ = {isa = PBXFileReference; fileEncoding = 4; lastKnownFileType = text.plist.xml; path = "GoogleService-Info.plist"; sourceTree = "<group>"; };
		730B192121A2897A00505422 /* tabController.swift */ = {isa = PBXFileReference; lastKnownFileType = sourcecode.swift; path = tabController.swift; sourceTree = "<group>"; };
		730EE2A121A7528A0077C414 /* diaryViewController.swift */ = {isa = PBXFileReference; lastKnownFileType = sourcecode.swift; path = diaryViewController.swift; sourceTree = "<group>"; };
		730EE2A321A754C60077C414 /* diaryEntryCell.swift */ = {isa = PBXFileReference; lastKnownFileType = sourcecode.swift; path = diaryEntryCell.swift; sourceTree = "<group>"; };
		730EE2A721A8BC550077C414 /* diaryEntry.swift */ = {isa = PBXFileReference; lastKnownFileType = sourcecode.swift; path = diaryEntry.swift; sourceTree = "<group>"; };
		7334D9AF219D16240098BC4B /* Info.plist */ = {isa = PBXFileReference; fileEncoding = 4; lastKnownFileType = text.plist.xml; path = Info.plist; sourceTree = "<group>"; };
		7354408B2198D18A00F43ADA /* SavedEntryThankYouViewController.swift */ = {isa = PBXFileReference; lastKnownFileType = sourcecode.swift; path = SavedEntryThankYouViewController.swift; sourceTree = "<group>"; };
		735741C821996CD0000773A8 /* LogInViewController.swift */ = {isa = PBXFileReference; lastKnownFileType = sourcecode.swift; path = LogInViewController.swift; sourceTree = "<group>"; };
		735741CA219A1ACA000773A8 /* SignUpViewController.swift */ = {isa = PBXFileReference; lastKnownFileType = sourcecode.swift; path = SignUpViewController.swift; sourceTree = "<group>"; };
		7363338721A2067000F8AD4E /* User.swift */ = {isa = PBXFileReference; lastKnownFileType = sourcecode.swift; path = User.swift; sourceTree = "<group>"; };
		738418D72193E120005DDA59 /* AskForTodayMoodCViewController.swift */ = {isa = PBXFileReference; lastKnownFileType = sourcecode.swift; path = AskForTodayMoodCViewController.swift; sourceTree = "<group>"; };
		738418D92193E1A2005DDA59 /* addDiaryEntryViewController.swift */ = {isa = PBXFileReference; lastKnownFileType = sourcecode.swift; path = addDiaryEntryViewController.swift; sourceTree = "<group>"; };
		738418DD2193E353005DDA59 /* StatsViewController.swift */ = {isa = PBXFileReference; lastKnownFileType = sourcecode.swift; path = StatsViewController.swift; sourceTree = "<group>"; };
		738B74BA218E260E007DE734 /* MoodCycle.app */ = {isa = PBXFileReference; explicitFileType = wrapper.application; includeInIndex = 0; path = MoodCycle.app; sourceTree = BUILT_PRODUCTS_DIR; };
		738B74BD218E260E007DE734 /* AppDelegate.swift */ = {isa = PBXFileReference; lastKnownFileType = sourcecode.swift; path = AppDelegate.swift; sourceTree = "<group>"; };
		738B74C2218E260E007DE734 /* Base */ = {isa = PBXFileReference; lastKnownFileType = file.storyboard; name = Base; path = Base.lproj/Main.storyboard; sourceTree = "<group>"; };
		738B74C4218E2612007DE734 /* Assets.xcassets */ = {isa = PBXFileReference; lastKnownFileType = folder.assetcatalog; path = Assets.xcassets; sourceTree = "<group>"; };
		738B74C7218E2612007DE734 /* Base */ = {isa = PBXFileReference; lastKnownFileType = file.storyboard; name = Base; path = Base.lproj/LaunchScreen.storyboard; sourceTree = "<group>"; };
		738E21D7219E163500B48414 /* iOSGif.swift */ = {isa = PBXFileReference; lastKnownFileType = sourcecode.swift; path = iOSGif.swift; sourceTree = "<group>"; };
		738E21DA219E1A0500B48414 /* thank you.gif */ = {isa = PBXFileReference; lastKnownFileType = image.gif; path = "thank you.gif"; sourceTree = "<group>"; };
		73AD404221AF9B2D00A7A74B /* CustomSlider.swift */ = {isa = PBXFileReference; lastKnownFileType = sourcecode.swift; path = CustomSlider.swift; sourceTree = "<group>"; };
		73AD404521B026CD00A7A74B /* editEntryViewController.swift */ = {isa = PBXFileReference; lastKnownFileType = sourcecode.swift; path = editEntryViewController.swift; sourceTree = "<group>"; };
		73BE6DE321AC5EF1005C1F98 /* viewEntryViewController.swift */ = {isa = PBXFileReference; lastKnownFileType = sourcecode.swift; path = viewEntryViewController.swift; sourceTree = "<group>"; };
		73DF064E219D1A2D003BA595 /* Charts.xcodeproj */ = {isa = PBXFileReference; lastKnownFileType = "wrapper.pb-project"; name = Charts.xcodeproj; path = ../Charts/Charts.xcodeproj; sourceTree = "<group>"; };
		96BB70EA27E5E86BD968A2D4 /* Pods-MoodCycle.release.xcconfig */ = {isa = PBXFileReference; includeInIndex = 1; lastKnownFileType = text.xcconfig; name = "Pods-MoodCycle.release.xcconfig"; path = "Pods/Target Support Files/Pods-MoodCycle/Pods-MoodCycle.release.xcconfig"; sourceTree = "<group>"; };
/* End PBXFileReference section */

/* Begin PBXFrameworksBuildPhase section */
		738B74B7218E260E007DE734 /* Frameworks */ = {
			isa = PBXFrameworksBuildPhase;
			buildActionMask = 2147483647;
			files = (
				A019B08A4C3E2AC047000F6B /* Pods_MoodCycle.framework in Frameworks */,
				73DF0657219D1A39003BA595 /* Charts.framework in Frameworks */,
			);
			runOnlyForDeploymentPostprocessing = 0;
		};
/* End PBXFrameworksBuildPhase section */

/* Begin PBXGroup section */
		5907D3BCF965204536AD7430 /* Pods */ = {
			isa = PBXGroup;
			children = (
				5A9D7968E034442204EB16EB /* Pods-MoodCycle.debug.xcconfig */,
				96BB70EA27E5E86BD968A2D4 /* Pods-MoodCycle.release.xcconfig */,
			);
			name = Pods;
			sourceTree = "<group>";
		};
		735741CE219A3F5B000773A8 /* Authentication */ = {
			isa = PBXGroup;
			children = (
				735741CA219A1ACA000773A8 /* SignUpViewController.swift */,
				735741C821996CD0000773A8 /* LogInViewController.swift */,
			);
			path = Authentication;
			sourceTree = "<group>";
		};
		738418D62193E0CA005DDA59 /* View Controllers */ = {
			isa = PBXGroup;
			children = (
				738418D92193E1A2005DDA59 /* addDiaryEntryViewController.swift */,
				73BE6DE321AC5EF1005C1F98 /* viewEntryViewController.swift */,
				73AD404521B026CD00A7A74B /* editEntryViewController.swift */,
				7354408B2198D18A00F43ADA /* SavedEntryThankYouViewController.swift */,
				73D0A11421A5D2F200876AD3 /* Tab Controller Pages */,
				735741CE219A3F5B000773A8 /* Authentication */,
			);
			name = "View Controllers";
			path = "New Group";
			sourceTree = "<group>";
		};
		738B74B1218E260E007DE734 = {
			isa = PBXGroup;
			children = (
				73DF064E219D1A2D003BA595 /* Charts.xcodeproj */,
				738B74BC218E260E007DE734 /* MoodCycle */,
				738B74BB218E260E007DE734 /* Products */,
				5907D3BCF965204536AD7430 /* Pods */,
				8A0B2D80C182953BDC8A28FD /* Frameworks */,
			);
			sourceTree = "<group>";
		};
		738B74BB218E260E007DE734 /* Products */ = {
			isa = PBXGroup;
			children = (
				738B74BA218E260E007DE734 /* MoodCycle.app */,
			);
			name = Products;
			sourceTree = "<group>";
		};
		738B74BC218E260E007DE734 /* MoodCycle */ = {
			isa = PBXGroup;
			children = (
				7309C995219FE4CC00EA3D91 /* GoogleService-Info.plist */,
				738B74BD218E260E007DE734 /* AppDelegate.swift */,
				7334D9AF219D16240098BC4B /* Info.plist */,
				738E21D7219E163500B48414 /* iOSGif.swift */,
				73AD404221AF9B2D00A7A74B /* CustomSlider.swift */,
				7363338721A2067000F8AD4E /* User.swift */,
				730EE2A721A8BC550077C414 /* diaryEntry.swift */,
				730EE2A321A754C60077C414 /* diaryEntryCell.swift */,
				738418D62193E0CA005DDA59 /* View Controllers */,
				738B74C1218E260E007DE734 /* Main.storyboard */,
				738E21DA219E1A0500B48414 /* thank you.gif */,
				738B74C4218E2612007DE734 /* Assets.xcassets */,
				738B74C6218E2612007DE734 /* LaunchScreen.storyboard */,
			);
			path = MoodCycle;
			sourceTree = "<group>";
		};
		73D0A11421A5D2F200876AD3 /* Tab Controller Pages */ = {
			isa = PBXGroup;
			children = (
				730B192121A2897A00505422 /* tabController.swift */,
				738418D72193E120005DDA59 /* AskForTodayMoodCViewController.swift */,
				738418DD2193E353005DDA59 /* StatsViewController.swift */,
				730EE2A121A7528A0077C414 /* diaryViewController.swift */,
			);
			path = "Tab Controller Pages";
			sourceTree = "<group>";
		};
		73DF064F219D1A2D003BA595 /* Products */ = {
			isa = PBXGroup;
			children = (
				73DF0654219D1A2D003BA595 /* Charts.framework */,
				73DF0656219D1A2D003BA595 /* ChartsTests.xctest */,
			);
			name = Products;
			sourceTree = "<group>";
		};
		8A0B2D80C182953BDC8A28FD /* Frameworks */ = {
			isa = PBXGroup;
			children = (
				56D31EAF25CB74620FFEA9BA /* Pods_MoodCycle.framework */,
			);
			name = Frameworks;
			sourceTree = "<group>";
		};
/* End PBXGroup section */

/* Begin PBXNativeTarget section */
		738B74B9218E260E007DE734 /* MoodCycle */ = {
			isa = PBXNativeTarget;
			buildConfigurationList = 738B74CC218E2612007DE734 /* Build configuration list for PBXNativeTarget "MoodCycle" */;
			buildPhases = (
				B15716BECFAD9B545D423FF2 /* [CP] Check Pods Manifest.lock */,
				738B74B6218E260E007DE734 /* Sources */,
				738B74B7218E260E007DE734 /* Frameworks */,
				738B74B8218E260E007DE734 /* Resources */,
				810C01DD05920FBD4101F18B /* [CP] Embed Pods Frameworks */,
				73DF065B219D1A3A003BA595 /* Embed Frameworks */,
			);
			buildRules = (
			);
			dependencies = (
				73DF065A219D1A39003BA595 /* PBXTargetDependency */,
			);
			name = MoodCycle;
			productName = MoodCycle;
			productReference = 738B74BA218E260E007DE734 /* MoodCycle.app */;
			productType = "com.apple.product-type.application";
		};
/* End PBXNativeTarget section */

/* Begin PBXProject section */
		738B74B2218E260E007DE734 /* Project object */ = {
			isa = PBXProject;
			attributes = {
				LastSwiftUpdateCheck = 1010;
				LastUpgradeCheck = 1010;
				ORGANIZATIONNAME = "Thuan Phung";
				TargetAttributes = {
					738B74B9218E260E007DE734 = {
						CreatedOnToolsVersion = 10.1;
					};
				};
			};
			buildConfigurationList = 738B74B5218E260E007DE734 /* Build configuration list for PBXProject "MoodCycle" */;
			compatibilityVersion = "Xcode 9.3";
			developmentRegion = en;
			hasScannedForEncodings = 0;
			knownRegions = (
				en,
				Base,
			);
			mainGroup = 738B74B1218E260E007DE734;
			productRefGroup = 738B74BB218E260E007DE734 /* Products */;
			projectDirPath = "";
			projectReferences = (
				{
					ProductGroup = 73DF064F219D1A2D003BA595 /* Products */;
					ProjectRef = 73DF064E219D1A2D003BA595 /* Charts.xcodeproj */;
				},
			);
			projectRoot = "";
			targets = (
				738B74B9218E260E007DE734 /* MoodCycle */,
			);
		};
/* End PBXProject section */

/* Begin PBXReferenceProxy section */
		73DF0654219D1A2D003BA595 /* Charts.framework */ = {
			isa = PBXReferenceProxy;
			fileType = wrapper.framework;
			path = Charts.framework;
			remoteRef = 73DF0653219D1A2D003BA595 /* PBXContainerItemProxy */;
			sourceTree = BUILT_PRODUCTS_DIR;
		};
		73DF0656219D1A2D003BA595 /* ChartsTests.xctest */ = {
			isa = PBXReferenceProxy;
			fileType = wrapper.cfbundle;
			path = ChartsTests.xctest;
			remoteRef = 73DF0655219D1A2D003BA595 /* PBXContainerItemProxy */;
			sourceTree = BUILT_PRODUCTS_DIR;
		};
/* End PBXReferenceProxy section */

/* Begin PBXResourcesBuildPhase section */
		738B74B8218E260E007DE734 /* Resources */ = {
			isa = PBXResourcesBuildPhase;
			buildActionMask = 2147483647;
			files = (
				738E21DB219E1A0500B48414 /* thank you.gif in Resources */,
				738B74C8218E2612007DE734 /* LaunchScreen.storyboard in Resources */,
				7309C996219FE4CD00EA3D91 /* GoogleService-Info.plist in Resources */,
				738B74C5218E2612007DE734 /* Assets.xcassets in Resources */,
				738B74C3218E260E007DE734 /* Main.storyboard in Resources */,
			);
			runOnlyForDeploymentPostprocessing = 0;
		};
/* End PBXResourcesBuildPhase section */

/* Begin PBXShellScriptBuildPhase section */
		810C01DD05920FBD4101F18B /* [CP] Embed Pods Frameworks */ = {
			isa = PBXShellScriptBuildPhase;
			buildActionMask = 2147483647;
			files = (
			);
			inputPaths = (
				"${SRCROOT}/Pods/Target Support Files/Pods-MoodCycle/Pods-MoodCycle-frameworks.sh",
				"${BUILT_PRODUCTS_DIR}/GTMSessionFetcher/GTMSessionFetcher.framework",
				"${BUILT_PRODUCTS_DIR}/GoogleUtilities/GoogleUtilities.framework",
				"${BUILT_PRODUCTS_DIR}/leveldb-library/leveldb.framework",
				"${BUILT_PRODUCTS_DIR}/nanopb/nanopb.framework",
			);
			name = "[CP] Embed Pods Frameworks";
			outputPaths = (
				"${TARGET_BUILD_DIR}/${FRAMEWORKS_FOLDER_PATH}/GTMSessionFetcher.framework",
				"${TARGET_BUILD_DIR}/${FRAMEWORKS_FOLDER_PATH}/GoogleUtilities.framework",
				"${TARGET_BUILD_DIR}/${FRAMEWORKS_FOLDER_PATH}/leveldb.framework",
				"${TARGET_BUILD_DIR}/${FRAMEWORKS_FOLDER_PATH}/nanopb.framework",
			);
			runOnlyForDeploymentPostprocessing = 0;
			shellPath = /bin/sh;
			shellScript = "\"${SRCROOT}/Pods/Target Support Files/Pods-MoodCycle/Pods-MoodCycle-frameworks.sh\"\n";
			showEnvVarsInLog = 0;
		};
		B15716BECFAD9B545D423FF2 /* [CP] Check Pods Manifest.lock */ = {
			isa = PBXShellScriptBuildPhase;
			buildActionMask = 2147483647;
			files = (
			);
			inputPaths = (
				"${PODS_PODFILE_DIR_PATH}/Podfile.lock",
				"${PODS_ROOT}/Manifest.lock",
			);
			name = "[CP] Check Pods Manifest.lock";
			outputPaths = (
				"$(DERIVED_FILE_DIR)/Pods-MoodCycle-checkManifestLockResult.txt",
			);
			runOnlyForDeploymentPostprocessing = 0;
			shellPath = /bin/sh;
			shellScript = "diff \"${PODS_PODFILE_DIR_PATH}/Podfile.lock\" \"${PODS_ROOT}/Manifest.lock\" > /dev/null\nif [ $? != 0 ] ; then\n    # print error to STDERR\n    echo \"error: The sandbox is not in sync with the Podfile.lock. Run 'pod install' or update your CocoaPods installation.\" >&2\n    exit 1\nfi\n# This output is used by Xcode 'outputs' to avoid re-running this script phase.\necho \"SUCCESS\" > \"${SCRIPT_OUTPUT_FILE_0}\"\n";
			showEnvVarsInLog = 0;
		};
/* End PBXShellScriptBuildPhase section */

/* Begin PBXSourcesBuildPhase section */
		738B74B6218E260E007DE734 /* Sources */ = {
			isa = PBXSourcesBuildPhase;
			buildActionMask = 2147483647;
			files = (
				735741CB219A1ACA000773A8 /* SignUpViewController.swift in Sources */,
				73AD404321AF9B2E00A7A74B /* CustomSlider.swift in Sources */,
				7354408C2198D18A00F43ADA /* SavedEntryThankYouViewController.swift in Sources */,
				738E21D8219E163500B48414 /* iOSGif.swift in Sources */,
				738418D82193E120005DDA59 /* AskForTodayMoodCViewController.swift in Sources */,
				73BE6DE421AC5EF1005C1F98 /* viewEntryViewController.swift in Sources */,
				730EE2A821A8BC550077C414 /* diaryEntry.swift in Sources */,
				738B74BE218E260E007DE734 /* AppDelegate.swift in Sources */,
				738418DE2193E353005DDA59 /* StatsViewController.swift in Sources */,
				738418DA2193E1A2005DDA59 /* addDiaryEntryViewController.swift in Sources */,
				730B192221A2897A00505422 /* tabController.swift in Sources */,
				730EE2A221A7528A0077C414 /* diaryViewController.swift in Sources */,
				730EE2A421A754C60077C414 /* diaryEntryCell.swift in Sources */,
				735741C921996CD0000773A8 /* LogInViewController.swift in Sources */,
				7363338821A2067000F8AD4E /* User.swift in Sources */,
				73AD404621B026CD00A7A74B /* editEntryViewController.swift in Sources */,
			);
			runOnlyForDeploymentPostprocessing = 0;
		};
/* End PBXSourcesBuildPhase section */

/* Begin PBXTargetDependency section */
		73DF065A219D1A39003BA595 /* PBXTargetDependency */ = {
			isa = PBXTargetDependency;
			name = Charts;
			targetProxy = 73DF0659219D1A39003BA595 /* PBXContainerItemProxy */;
		};
/* End PBXTargetDependency section */

/* Begin PBXVariantGroup section */
		738B74C1218E260E007DE734 /* Main.storyboard */ = {
			isa = PBXVariantGroup;
			children = (
				738B74C2218E260E007DE734 /* Base */,
			);
			name = Main.storyboard;
			sourceTree = "<group>";
		};
		738B74C6218E2612007DE734 /* LaunchScreen.storyboard */ = {
			isa = PBXVariantGroup;
			children = (
				738B74C7218E2612007DE734 /* Base */,
			);
			name = LaunchScreen.storyboard;
			sourceTree = "<group>";
		};
/* End PBXVariantGroup section */

/* Begin XCBuildConfiguration section */
		738B74CA218E2612007DE734 /* Debug */ = {
			isa = XCBuildConfiguration;
			buildSettings = {
				ALWAYS_SEARCH_USER_PATHS = NO;
				CLANG_ANALYZER_NONNULL = YES;
				CLANG_ANALYZER_NUMBER_OBJECT_CONVERSION = YES_AGGRESSIVE;
				CLANG_CXX_LANGUAGE_STANDARD = "gnu++14";
				CLANG_CXX_LIBRARY = "libc++";
				CLANG_ENABLE_MODULES = YES;
				CLANG_ENABLE_OBJC_ARC = YES;
				CLANG_ENABLE_OBJC_WEAK = YES;
				CLANG_WARN_BLOCK_CAPTURE_AUTORELEASING = YES;
				CLANG_WARN_BOOL_CONVERSION = YES;
				CLANG_WARN_COMMA = YES;
				CLANG_WARN_CONSTANT_CONVERSION = YES;
				CLANG_WARN_DEPRECATED_OBJC_IMPLEMENTATIONS = YES;
				CLANG_WARN_DIRECT_OBJC_ISA_USAGE = YES_ERROR;
				CLANG_WARN_DOCUMENTATION_COMMENTS = YES;
				CLANG_WARN_EMPTY_BODY = YES;
				CLANG_WARN_ENUM_CONVERSION = YES;
				CLANG_WARN_INFINITE_RECURSION = YES;
				CLANG_WARN_INT_CONVERSION = YES;
				CLANG_WARN_NON_LITERAL_NULL_CONVERSION = YES;
				CLANG_WARN_OBJC_IMPLICIT_RETAIN_SELF = YES;
				CLANG_WARN_OBJC_LITERAL_CONVERSION = YES;
				CLANG_WARN_OBJC_ROOT_CLASS = YES_ERROR;
				CLANG_WARN_RANGE_LOOP_ANALYSIS = YES;
				CLANG_WARN_STRICT_PROTOTYPES = YES;
				CLANG_WARN_SUSPICIOUS_MOVE = YES;
				CLANG_WARN_UNGUARDED_AVAILABILITY = YES_AGGRESSIVE;
				CLANG_WARN_UNREACHABLE_CODE = YES;
				CLANG_WARN__DUPLICATE_METHOD_MATCH = YES;
				CODE_SIGN_IDENTITY = "iPhone Developer";
				COPY_PHASE_STRIP = NO;
				DEBUG_INFORMATION_FORMAT = dwarf;
				ENABLE_STRICT_OBJC_MSGSEND = YES;
				ENABLE_TESTABILITY = YES;
				GCC_C_LANGUAGE_STANDARD = gnu11;
				GCC_DYNAMIC_NO_PIC = NO;
				GCC_NO_COMMON_BLOCKS = YES;
				GCC_OPTIMIZATION_LEVEL = 0;
				GCC_PREPROCESSOR_DEFINITIONS = (
					"DEBUG=1",
					"$(inherited)",
				);
				GCC_WARN_64_TO_32_BIT_CONVERSION = YES;
				GCC_WARN_ABOUT_RETURN_TYPE = YES_ERROR;
				GCC_WARN_UNDECLARED_SELECTOR = YES;
				GCC_WARN_UNINITIALIZED_AUTOS = YES_AGGRESSIVE;
				GCC_WARN_UNUSED_FUNCTION = YES;
				GCC_WARN_UNUSED_VARIABLE = YES;
				IPHONEOS_DEPLOYMENT_TARGET = 12.1;
				MTL_ENABLE_DEBUG_INFO = INCLUDE_SOURCE;
				MTL_FAST_MATH = YES;
				ONLY_ACTIVE_ARCH = YES;
				SDKROOT = iphoneos;
				SWIFT_ACTIVE_COMPILATION_CONDITIONS = DEBUG;
				SWIFT_OPTIMIZATION_LEVEL = "-Onone";
			};
			name = Debug;
		};
		738B74CB218E2612007DE734 /* Release */ = {
			isa = XCBuildConfiguration;
			buildSettings = {
				ALWAYS_SEARCH_USER_PATHS = NO;
				CLANG_ANALYZER_NONNULL = YES;
				CLANG_ANALYZER_NUMBER_OBJECT_CONVERSION = YES_AGGRESSIVE;
				CLANG_CXX_LANGUAGE_STANDARD = "gnu++14";
				CLANG_CXX_LIBRARY = "libc++";
				CLANG_ENABLE_MODULES = YES;
				CLANG_ENABLE_OBJC_ARC = YES;
				CLANG_ENABLE_OBJC_WEAK = YES;
				CLANG_WARN_BLOCK_CAPTURE_AUTORELEASING = YES;
				CLANG_WARN_BOOL_CONVERSION = YES;
				CLANG_WARN_COMMA = YES;
				CLANG_WARN_CONSTANT_CONVERSION = YES;
				CLANG_WARN_DEPRECATED_OBJC_IMPLEMENTATIONS = YES;
				CLANG_WARN_DIRECT_OBJC_ISA_USAGE = YES_ERROR;
				CLANG_WARN_DOCUMENTATION_COMMENTS = YES;
				CLANG_WARN_EMPTY_BODY = YES;
				CLANG_WARN_ENUM_CONVERSION = YES;
				CLANG_WARN_INFINITE_RECURSION = YES;
				CLANG_WARN_INT_CONVERSION = YES;
				CLANG_WARN_NON_LITERAL_NULL_CONVERSION = YES;
				CLANG_WARN_OBJC_IMPLICIT_RETAIN_SELF = YES;
				CLANG_WARN_OBJC_LITERAL_CONVERSION = YES;
				CLANG_WARN_OBJC_ROOT_CLASS = YES_ERROR;
				CLANG_WARN_RANGE_LOOP_ANALYSIS = YES;
				CLANG_WARN_STRICT_PROTOTYPES = YES;
				CLANG_WARN_SUSPICIOUS_MOVE = YES;
				CLANG_WARN_UNGUARDED_AVAILABILITY = YES_AGGRESSIVE;
				CLANG_WARN_UNREACHABLE_CODE = YES;
				CLANG_WARN__DUPLICATE_METHOD_MATCH = YES;
				CODE_SIGN_IDENTITY = "iPhone Developer";
				COPY_PHASE_STRIP = NO;
				DEBUG_INFORMATION_FORMAT = "dwarf-with-dsym";
				ENABLE_NS_ASSERTIONS = NO;
				ENABLE_STRICT_OBJC_MSGSEND = YES;
				GCC_C_LANGUAGE_STANDARD = gnu11;
				GCC_NO_COMMON_BLOCKS = YES;
				GCC_WARN_64_TO_32_BIT_CONVERSION = YES;
				GCC_WARN_ABOUT_RETURN_TYPE = YES_ERROR;
				GCC_WARN_UNDECLARED_SELECTOR = YES;
				GCC_WARN_UNINITIALIZED_AUTOS = YES_AGGRESSIVE;
				GCC_WARN_UNUSED_FUNCTION = YES;
				GCC_WARN_UNUSED_VARIABLE = YES;
				IPHONEOS_DEPLOYMENT_TARGET = 12.1;
				MTL_ENABLE_DEBUG_INFO = NO;
				MTL_FAST_MATH = YES;
				SDKROOT = iphoneos;
				SWIFT_COMPILATION_MODE = wholemodule;
				SWIFT_OPTIMIZATION_LEVEL = "-O";
				VALIDATE_PRODUCT = YES;
			};
			name = Release;
		};
		738B74CD218E2612007DE734 /* Debug */ = {
			isa = XCBuildConfiguration;
			baseConfigurationReference = 5A9D7968E034442204EB16EB /* Pods-MoodCycle.debug.xcconfig */;
			buildSettings = {
				ALWAYS_EMBED_SWIFT_STANDARD_LIBRARIES = YES;
				ASSETCATALOG_COMPILER_APPICON_NAME = AppIcon;
				CODE_SIGN_STYLE = Automatic;
				DEVELOPMENT_TEAM = B4UY9LNNAU;
				INFOPLIST_FILE = MoodCycle/Info.plist;
				LD_RUNPATH_SEARCH_PATHS = (
					"$(inherited)",
					"@executable_path/Frameworks",
				);
				PRODUCT_BUNDLE_IDENTIFIER = com.thuanphung.MoodCycle2;
				PRODUCT_MODULE_NAME = "$(PRODUCT_NAME:c99extidentifier)";
				PRODUCT_NAME = "$(TARGET_NAME)";
				SWIFT_VERSION = 4.2;
				TARGETED_DEVICE_FAMILY = "1,2";
			};
			name = Debug;
		};
		738B74CE218E2612007DE734 /* Release */ = {
			isa = XCBuildConfiguration;
			baseConfigurationReference = 96BB70EA27E5E86BD968A2D4 /* Pods-MoodCycle.release.xcconfig */;
			buildSettings = {
				ALWAYS_EMBED_SWIFT_STANDARD_LIBRARIES = YES;
				ASSETCATALOG_COMPILER_APPICON_NAME = AppIcon;
				CODE_SIGN_STYLE = Automatic;
				DEVELOPMENT_TEAM = B4UY9LNNAU;
				INFOPLIST_FILE = MoodCycle/Info.plist;
				LD_RUNPATH_SEARCH_PATHS = (
					"$(inherited)",
					"@executable_path/Frameworks",
				);
				PRODUCT_BUNDLE_IDENTIFIER = com.thuanphung.MoodCycle2;
				PRODUCT_NAME = "$(TARGET_NAME)";
				SWIFT_VERSION = 4.2;
				TARGETED_DEVICE_FAMILY = "1,2";
			};
			name = Release;
		};
/* End XCBuildConfiguration section */

/* Begin XCConfigurationList section */
		738B74B5218E260E007DE734 /* Build configuration list for PBXProject "MoodCycle" */ = {
			isa = XCConfigurationList;
			buildConfigurations = (
				738B74CA218E2612007DE734 /* Debug */,
				738B74CB218E2612007DE734 /* Release */,
			);
			defaultConfigurationIsVisible = 0;
			defaultConfigurationName = Release;
		};
		738B74CC218E2612007DE734 /* Build configuration list for PBXNativeTarget "MoodCycle" */ = {
			isa = XCConfigurationList;
			buildConfigurations = (
				738B74CD218E2612007DE734 /* Debug */,
				738B74CE218E2612007DE734 /* Release */,
			);
			defaultConfigurationIsVisible = 0;
			defaultConfigurationName = Release;
		};
/* End XCConfigurationList section */
	};
	rootObject = 738B74B2218E260E007DE734 /* Project object */;
}
